// !$*UTF8*$!
{
	archiveVersion = 1;
	classes = {
	};
	objectVersion = 77;
	objects = {

/* Begin PBXContainerItemProxy section */
		B44D3B7C2D30553A00A8BF65 /* PBXContainerItemProxy */ = {
			isa = PBXContainerItemProxy;
			containerPortal = B44D3B632D30553800A8BF65 /* Project object */;
			proxyType = 1;
			remoteGlobalIDString = B44D3B6A2D30553800A8BF65;
			remoteInfo = Quattrogram;
		};
		B44D3B862D30553A00A8BF65 /* PBXContainerItemProxy */ = {
			isa = PBXContainerItemProxy;
			containerPortal = B44D3B632D30553800A8BF65 /* Project object */;
			proxyType = 1;
			remoteGlobalIDString = B44D3B6A2D30553800A8BF65;
			remoteInfo = Quattrogram;
		};
/* End PBXContainerItemProxy section */

/* Begin PBXFileReference section */
		B44D3B6B2D30553800A8BF65 /* Quattrogram.app */ = {isa = PBXFileReference; explicitFileType = wrapper.application; includeInIndex = 0; path = Quattrogram.app; sourceTree = BUILT_PRODUCTS_DIR; };
		B44D3B7B2D30553A00A8BF65 /* QuattrogramTests.xctest */ = {isa = PBXFileReference; explicitFileType = wrapper.cfbundle; includeInIndex = 0; path = QuattrogramTests.xctest; sourceTree = BUILT_PRODUCTS_DIR; };
		B44D3B852D30553A00A8BF65 /* QuattrogramUITests.xctest */ = {isa = PBXFileReference; explicitFileType = wrapper.cfbundle; includeInIndex = 0; path = QuattrogramUITests.xctest; sourceTree = BUILT_PRODUCTS_DIR; };
/* End PBXFileReference section */

/* Begin PBXFileSystemSynchronizedRootGroup section */
		B44D3B6D2D30553800A8BF65 /* Quattrogram */ = {
			isa = PBXFileSystemSynchronizedRootGroup;
			path = Quattrogram;
			sourceTree = "<group>";
		};
		B44D3B7E2D30553A00A8BF65 /* QuattrogramTests */ = {
			isa = PBXFileSystemSynchronizedRootGroup;
			path = QuattrogramTests;
			sourceTree = "<group>";
		};
		B44D3B882D30553A00A8BF65 /* QuattrogramUITests */ = {
			isa = PBXFileSystemSynchronizedRootGroup;
			path = QuattrogramUITests;
			sourceTree = "<group>";
		};
/* End PBXFileSystemSynchronizedRootGroup section */

/* Begin PBXFrameworksBuildPhase section */
		B44D3B682D30553800A8BF65 /* Frameworks */ = {
			isa = PBXFrameworksBuildPhase;
			buildActionMask = 2147483647;
			files = (
			);
			runOnlyForDeploymentPostprocessing = 0;
		};
		B44D3B782D30553A00A8BF65 /* Frameworks */ = {
			isa = PBXFrameworksBuildPhase;
			buildActionMask = 2147483647;
			files = (
			);
			runOnlyForDeploymentPostprocessing = 0;
		};
		B44D3B822D30553A00A8BF65 /* Frameworks */ = {
			isa = PBXFrameworksBuildPhase;
			buildActionMask = 2147483647;
			files = (
			);
			runOnlyForDeploymentPostprocessing = 0;
		};
/* End PBXFrameworksBuildPhase section */

/* Begin PBXGroup section */
		B44D3B622D30553800A8BF65 = {
			isa = PBXGroup;
			children = (
				B44D3B6D2D30553800A8BF65 /* Quattrogram */,
				B44D3B7E2D30553A00A8BF65 /* QuattrogramTests */,
				B44D3B882D30553A00A8BF65 /* QuattrogramUITests */,
				B44D3B6C2D30553800A8BF65 /* Products */,
			);
			sourceTree = "<group>";
		};
		B44D3B6C2D30553800A8BF65 /* Products */ = {
			isa = PBXGroup;
			children = (
				B44D3B6B2D30553800A8BF65 /* Quattrogram.app */,
				B44D3B7B2D30553A00A8BF65 /* QuattrogramTests.xctest */,
				B44D3B852D30553A00A8BF65 /* QuattrogramUITests.xctest */,
			);
			name = Products;
			sourceTree = "<group>";
		};
/* End PBXGroup section */

/* Begin PBXNativeTarget section */
		B44D3B6A2D30553800A8BF65 /* Quattrogram */ = {
			isa = PBXNativeTarget;
			buildConfigurationList = B44D3B8F2D30553A00A8BF65 /* Build configuration list for PBXNativeTarget "Quattrogram" */;
			buildPhases = (
				B44D3B672D30553800A8BF65 /* Sources */,
				B44D3B682D30553800A8BF65 /* Frameworks */,
				B44D3B692D30553800A8BF65 /* Resources */,
			);
			buildRules = (
			);
			dependencies = (
			);
			fileSystemSynchronizedGroups = (
				B44D3B6D2D30553800A8BF65 /* Quattrogram */,
			);
			name = Quattrogram;
			packageProductDependencies = (
			);
			productName = Quattrogram;
			productReference = B44D3B6B2D30553800A8BF65 /* Quattrogram.app */;
			productType = "com.apple.product-type.application";
		};
		B44D3B7A2D30553A00A8BF65 /* QuattrogramTests */ = {
			isa = PBXNativeTarget;
			buildConfigurationList = B44D3B922D30553A00A8BF65 /* Build configuration list for PBXNativeTarget "QuattrogramTests" */;
			buildPhases = (
				B44D3B772D30553A00A8BF65 /* Sources */,
				B44D3B782D30553A00A8BF65 /* Frameworks */,
				B44D3B792D30553A00A8BF65 /* Resources */,
			);
			buildRules = (
			);
			dependencies = (
				B44D3B7D2D30553A00A8BF65 /* PBXTargetDependency */,
			);
			fileSystemSynchronizedGroups = (
				B44D3B7E2D30553A00A8BF65 /* QuattrogramTests */,
			);
			name = QuattrogramTests;
			packageProductDependencies = (
			);
			productName = QuattrogramTests;
			productReference = B44D3B7B2D30553A00A8BF65 /* QuattrogramTests.xctest */;
			productType = "com.apple.product-type.bundle.unit-test";
		};
		B44D3B842D30553A00A8BF65 /* QuattrogramUITests */ = {
			isa = PBXNativeTarget;
			buildConfigurationList = B44D3B952D30553A00A8BF65 /* Build configuration list for PBXNativeTarget "QuattrogramUITests" */;
			buildPhases = (
				B44D3B812D30553A00A8BF65 /* Sources */,
				B44D3B822D30553A00A8BF65 /* Frameworks */,
				B44D3B832D30553A00A8BF65 /* Resources */,
			);
			buildRules = (
			);
			dependencies = (
				B44D3B872D30553A00A8BF65 /* PBXTargetDependency */,
			);
			fileSystemSynchronizedGroups = (
				B44D3B882D30553A00A8BF65 /* QuattrogramUITests */,
			);
			name = QuattrogramUITests;
			packageProductDependencies = (
			);
			productName = QuattrogramUITests;
			productReference = B44D3B852D30553A00A8BF65 /* QuattrogramUITests.xctest */;
			productType = "com.apple.product-type.bundle.ui-testing";
		};
/* End PBXNativeTarget section */

/* Begin PBXProject section */
		B44D3B632D30553800A8BF65 /* Project object */ = {
			isa = PBXProject;
			attributes = {
				BuildIndependentTargetsInParallel = 1;
				LastSwiftUpdateCheck = 1620;
				LastUpgradeCheck = 1620;
				TargetAttributes = {
					B44D3B6A2D30553800A8BF65 = {
						CreatedOnToolsVersion = 16.2;
					};
					B44D3B7A2D30553A00A8BF65 = {
						CreatedOnToolsVersion = 16.2;
						TestTargetID = B44D3B6A2D30553800A8BF65;
					};
					B44D3B842D30553A00A8BF65 = {
						CreatedOnToolsVersion = 16.2;
						TestTargetID = B44D3B6A2D30553800A8BF65;
					};
				};
			};
			buildConfigurationList = B44D3B662D30553800A8BF65 /* Build configuration list for PBXProject "Quattrogram" */;
			developmentRegion = en;
			hasScannedForEncodings = 0;
			knownRegions = (
				en,
				Base,
			);
			mainGroup = B44D3B622D30553800A8BF65;
			minimizedProjectReferenceProxies = 1;
			preferredProjectObjectVersion = 77;
			productRefGroup = B44D3B6C2D30553800A8BF65 /* Products */;
			projectDirPath = "";
			projectRoot = "";
			targets = (
				B44D3B6A2D30553800A8BF65 /* Quattrogram */,
				B44D3B7A2D30553A00A8BF65 /* QuattrogramTests */,
				B44D3B842D30553A00A8BF65 /* QuattrogramUITests */,
			);
		};
/* End PBXProject section */

/* Begin PBXResourcesBuildPhase section */
		B44D3B692D30553800A8BF65 /* Resources */ = {
			isa = PBXResourcesBuildPhase;
			buildActionMask = 2147483647;
			files = (
			);
			runOnlyForDeploymentPostprocessing = 0;
		};
		B44D3B792D30553A00A8BF65 /* Resources */ = {
			isa = PBXResourcesBuildPhase;
			buildActionMask = 2147483647;
			files = (
			);
			runOnlyForDeploymentPostprocessing = 0;
		};
		B44D3B832D30553A00A8BF65 /* Resources */ = {
			isa = PBXResourcesBuildPhase;
			buildActionMask = 2147483647;
			files = (
			);
			runOnlyForDeploymentPostprocessing = 0;
		};
/* End PBXResourcesBuildPhase section */

/* Begin PBXSourcesBuildPhase section */
		B44D3B672D30553800A8BF65 /* Sources */ = {
			isa = PBXSourcesBuildPhase;
			buildActionMask = 2147483647;
			files = (
			);
			runOnlyForDeploymentPostprocessing = 0;
		};
		B44D3B772D30553A00A8BF65 /* Sources */ = {
			isa = PBXSourcesBuildPhase;
			buildActionMask = 2147483647;
			files = (
			);
			runOnlyForDeploymentPostprocessing = 0;
		};
		B44D3B812D30553A00A8BF65 /* Sources */ = {
			isa = PBXSourcesBuildPhase;
			buildActionMask = 2147483647;
			files = (
			);
			runOnlyForDeploymentPostprocessing = 0;
		};
/* End PBXSourcesBuildPhase section */

/* Begin PBXTargetDependency section */
		B44D3B7D2D30553A00A8BF65 /* PBXTargetDependency */ = {
			isa = PBXTargetDependency;
			target = B44D3B6A2D30553800A8BF65 /* Quattrogram */;
			targetProxy = B44D3B7C2D30553A00A8BF65 /* PBXContainerItemProxy */;
		};
		B44D3B872D30553A00A8BF65 /* PBXTargetDependency */ = {
			isa = PBXTargetDependency;
			target = B44D3B6A2D30553800A8BF65 /* Quattrogram */;
			targetProxy = B44D3B862D30553A00A8BF65 /* PBXContainerItemProxy */;
		};
/* End PBXTargetDependency section */

/* Begin XCBuildConfiguration section */
		B44D3B8D2D30553A00A8BF65 /* Debug */ = {
			isa = XCBuildConfiguration;
			buildSettings = {
				ALWAYS_SEARCH_USER_PATHS = NO;
				ASSETCATALOG_COMPILER_GENERATE_SWIFT_ASSET_SYMBOL_EXTENSIONS = YES;
				CLANG_ANALYZER_NONNULL = YES;
				CLANG_ANALYZER_NUMBER_OBJECT_CONVERSION = YES_AGGRESSIVE;
				CLANG_CXX_LANGUAGE_STANDARD = "gnu++20";
				CLANG_ENABLE_MODULES = YES;
				CLANG_ENABLE_OBJC_ARC = YES;
				CLANG_ENABLE_OBJC_WEAK = YES;
				CLANG_WARN_BLOCK_CAPTURE_AUTORELEASING = YES;
				CLANG_WARN_BOOL_CONVERSION = YES;
				CLANG_WARN_COMMA = YES;
				CLANG_WARN_CONSTANT_CONVERSION = YES;
				CLANG_WARN_DEPRECATED_OBJC_IMPLEMENTATIONS = YES;
				CLANG_WARN_DIRECT_OBJC_ISA_USAGE = YES_ERROR;
				CLANG_WARN_DOCUMENTATION_COMMENTS = YES;
				CLANG_WARN_EMPTY_BODY = YES;
				CLANG_WARN_ENUM_CONVERSION = YES;
				CLANG_WARN_INFINITE_RECURSION = YES;
				CLANG_WARN_INT_CONVERSION = YES;
				CLANG_WARN_NON_LITERAL_NULL_CONVERSION = YES;
				CLANG_WARN_OBJC_IMPLICIT_RETAIN_SELF = YES;
				CLANG_WARN_OBJC_LITERAL_CONVERSION = YES;
				CLANG_WARN_OBJC_ROOT_CLASS = YES_ERROR;
				CLANG_WARN_QUOTED_INCLUDE_IN_FRAMEWORK_HEADER = YES;
				CLANG_WARN_RANGE_LOOP_ANALYSIS = YES;
				CLANG_WARN_STRICT_PROTOTYPES = YES;
				CLANG_WARN_SUSPICIOUS_MOVE = YES;
				CLANG_WARN_UNGUARDED_AVAILABILITY = YES_AGGRESSIVE;
				CLANG_WARN_UNREACHABLE_CODE = YES;
				CLANG_WARN__DUPLICATE_METHOD_MATCH = YES;
				COPY_PHASE_STRIP = NO;
				DEBUG_INFORMATION_FORMAT = dwarf;
				ENABLE_STRICT_OBJC_MSGSEND = YES;
				ENABLE_TESTABILITY = YES;
				ENABLE_USER_SCRIPT_SANDBOXING = YES;
				GCC_C_LANGUAGE_STANDARD = gnu17;
				GCC_DYNAMIC_NO_PIC = NO;
				GCC_NO_COMMON_BLOCKS = YES;
				GCC_OPTIMIZATION_LEVEL = 0;
				GCC_PREPROCESSOR_DEFINITIONS = (
					"DEBUG=1",
					"$(inherited)",
				);
				GCC_WARN_64_TO_32_BIT_CONVERSION = YES;
				GCC_WARN_ABOUT_RETURN_TYPE = YES_ERROR;
				GCC_WARN_UNDECLARED_SELECTOR = YES;
				GCC_WARN_UNINITIALIZED_AUTOS = YES_AGGRESSIVE;
				GCC_WARN_UNUSED_FUNCTION = YES;
				GCC_WARN_UNUSED_VARIABLE = YES;
				IPHONEOS_DEPLOYMENT_TARGET = 18.2;
				LOCALIZATION_PREFERS_STRING_CATALOGS = YES;
				MTL_ENABLE_DEBUG_INFO = INCLUDE_SOURCE;
				MTL_FAST_MATH = YES;
				ONLY_ACTIVE_ARCH = YES;
				SDKROOT = iphoneos;
				SWIFT_ACTIVE_COMPILATION_CONDITIONS = "DEBUG $(inherited)";
				SWIFT_OPTIMIZATION_LEVEL = "-Onone";
			};
			name = Debug;
		};
		B44D3B8E2D30553A00A8BF65 /* Release */ = {
			isa = XCBuildConfiguration;
			buildSettings = {
				ALWAYS_SEARCH_USER_PATHS = NO;
				ASSETCATALOG_COMPILER_GENERATE_SWIFT_ASSET_SYMBOL_EXTENSIONS = YES;
				CLANG_ANALYZER_NONNULL = YES;
				CLANG_ANALYZER_NUMBER_OBJECT_CONVERSION = YES_AGGRESSIVE;
				CLANG_CXX_LANGUAGE_STANDARD = "gnu++20";
				CLANG_ENABLE_MODULES = YES;
				CLANG_ENABLE_OBJC_ARC = YES;
				CLANG_ENABLE_OBJC_WEAK = YES;
				CLANG_WARN_BLOCK_CAPTURE_AUTORELEASING = YES;
				CLANG_WARN_BOOL_CONVERSION = YES;
				CLANG_WARN_COMMA = YES;
				CLANG_WARN_CONSTANT_CONVERSION = YES;
				CLANG_WARN_DEPRECATED_OBJC_IMPLEMENTATIONS = YES;
				CLANG_WARN_DIRECT_OBJC_ISA_USAGE = YES_ERROR;
				CLANG_WARN_DOCUMENTATION_COMMENTS = YES;
				CLANG_WARN_EMPTY_BODY = YES;
				CLANG_WARN_ENUM_CONVERSION = YES;
				CLANG_WARN_INFINITE_RECURSION = YES;
				CLANG_WARN_INT_CONVERSION = YES;
				CLANG_WARN_NON_LITERAL_NULL_CONVERSION = YES;
				CLANG_WARN_OBJC_IMPLICIT_RETAIN_SELF = YES;
				CLANG_WARN_OBJC_LITERAL_CONVERSION = YES;
				CLANG_WARN_OBJC_ROOT_CLASS = YES_ERROR;
				CLANG_WARN_QUOTED_INCLUDE_IN_FRAMEWORK_HEADER = YES;
				CLANG_WARN_RANGE_LOOP_ANALYSIS = YES;
				CLANG_WARN_STRICT_PROTOTYPES = YES;
				CLANG_WARN_SUSPICIOUS_MOVE = YES;
				CLANG_WARN_UNGUARDED_AVAILABILITY = YES_AGGRESSIVE;
				CLANG_WARN_UNREACHABLE_CODE = YES;
				CLANG_WARN__DUPLICATE_METHOD_MATCH = YES;
				COPY_PHASE_STRIP = NO;
				DEBUG_INFORMATION_FORMAT = "dwarf-with-dsym";
				ENABLE_NS_ASSERTIONS = NO;
				ENABLE_STRICT_OBJC_MSGSEND = YES;
				ENABLE_USER_SCRIPT_SANDBOXING = YES;
				GCC_C_LANGUAGE_STANDARD = gnu17;
				GCC_NO_COMMON_BLOCKS = YES;
				GCC_WARN_64_TO_32_BIT_CONVERSION = YES;
				GCC_WARN_ABOUT_RETURN_TYPE = YES_ERROR;
				GCC_WARN_UNDECLARED_SELECTOR = YES;
				GCC_WARN_UNINITIALIZED_AUTOS = YES_AGGRESSIVE;
				GCC_WARN_UNUSED_FUNCTION = YES;
				GCC_WARN_UNUSED_VARIABLE = YES;
				IPHONEOS_DEPLOYMENT_TARGET = 18.2;
				LOCALIZATION_PREFERS_STRING_CATALOGS = YES;
				MTL_ENABLE_DEBUG_INFO = NO;
				MTL_FAST_MATH = YES;
				SDKROOT = iphoneos;
				SWIFT_COMPILATION_MODE = wholemodule;
				VALIDATE_PRODUCT = YES;
			};
			name = Release;
		};
		B44D3B902D30553A00A8BF65 /* Debug */ = {
			isa = XCBuildConfiguration;
			buildSettings = {
				ASSETCATALOG_COMPILER_APPICON_NAME = AppIcon;
				ASSETCATALOG_COMPILER_GLOBAL_ACCENT_COLOR_NAME = AccentColor;
				CODE_SIGN_STYLE = Automatic;
				CURRENT_PROJECT_VERSION = 1;
				DEVELOPMENT_ASSET_PATHS = "\"Quattrogram/Preview Content\"";
				DEVELOPMENT_TEAM = D4PL59H839;
				ENABLE_PREVIEWS = YES;
				GENERATE_INFOPLIST_FILE = YES;
				INFOPLIST_KEY_LSApplicationCategoryType = "public.app-category.music";
				INFOPLIST_KEY_UIApplicationSceneManifest_Generation = YES;
				INFOPLIST_KEY_UIApplicationSupportsIndirectInputEvents = YES;
				INFOPLIST_KEY_UILaunchScreen_Generation = YES;
				INFOPLIST_KEY_UIStatusBarStyle = "";
				INFOPLIST_KEY_UISupportedInterfaceOrientations_iPad = "UIInterfaceOrientationPortrait UIInterfaceOrientationPortraitUpsideDown UIInterfaceOrientationLandscapeLeft UIInterfaceOrientationLandscapeRight";
				INFOPLIST_KEY_UISupportedInterfaceOrientations_iPhone = "UIInterfaceOrientationPortrait UIInterfaceOrientationLandscapeLeft UIInterfaceOrientationLandscapeRight";
				IPHONEOS_DEPLOYMENT_TARGET = 15.6;
				LD_RUNPATH_SEARCH_PATHS = (
					"$(inherited)",
					"@executable_path/Frameworks",
				);
				MARKETING_VERSION = 1.0;
				PRODUCT_BUNDLE_IDENTIFIER = SystemTraveler.Quattrogram;
				PRODUCT_NAME = "$(TARGET_NAME)";
				SWIFT_EMIT_LOC_STRINGS = YES;
				SWIFT_VERSION = 5.0;
				TARGETED_DEVICE_FAMILY = "1,2";
			};
			name = Debug;
		};
		B44D3B912D30553A00A8BF65 /* Release */ = {
			isa = XCBuildConfiguration;
			buildSettings = {
				ASSETCATALOG_COMPILER_APPICON_NAME = AppIcon;
				ASSETCATALOG_COMPILER_GLOBAL_ACCENT_COLOR_NAME = AccentColor;
				CODE_SIGN_STYLE = Automatic;
				CURRENT_PROJECT_VERSION = 1;
				DEVELOPMENT_ASSET_PATHS = "\"Quattrogram/Preview Content\"";
				DEVELOPMENT_TEAM = D4PL59H839;
				ENABLE_PREVIEWS = YES;
				GENERATE_INFOPLIST_FILE = YES;
				INFOPLIST_KEY_LSApplicationCategoryType = "public.app-category.music";
				INFOPLIST_KEY_UIApplicationSceneManifest_Generation = YES;
				INFOPLIST_KEY_UIApplicationSupportsIndirectInputEvents = YES;
				INFOPLIST_KEY_UILaunchScreen_Generation = YES;
				INFOPLIST_KEY_UIStatusBarStyle = "";
				INFOPLIST_KEY_UISupportedInterfaceOrientations_iPad = "UIInterfaceOrientationPortrait UIInterfaceOrientationPortraitUpsideDown UIInterfaceOrientationLandscapeLeft UIInterfaceOrientationLandscapeRight";
				INFOPLIST_KEY_UISupportedInterfaceOrientations_iPhone = "UIInterfaceOrientationPortrait UIInterfaceOrientationLandscapeLeft UIInterfaceOrientationLandscapeRight";
				IPHONEOS_DEPLOYMENT_TARGET = 15.6;
				LD_RUNPATH_SEARCH_PATHS = (
					"$(inherited)",
					"@executable_path/Frameworks",
				);
				MARKETING_VERSION = 1.0;
				PRODUCT_BUNDLE_IDENTIFIER = SystemTraveler.Quattrogram;
				PRODUCT_NAME = "$(TARGET_NAME)";
				SWIFT_EMIT_LOC_STRINGS = YES;
				SWIFT_VERSION = 5.0;
				TARGETED_DEVICE_FAMILY = "1,2";
			};
			name = Release;
		};
		B44D3B932D30553A00A8BF65 /* Debug */ = {
			isa = XCBuildConfiguration;
			buildSettings = {
				BUNDLE_LOADER = "$(TEST_HOST)";
				CODE_SIGN_STYLE = Automatic;
				CURRENT_PROJECT_VERSION = 1;
				DEVELOPMENT_TEAM = D4PL59H839;
				GENERATE_INFOPLIST_FILE = YES;
				IPHONEOS_DEPLOYMENT_TARGET = 18.2;
				MARKETING_VERSION = 1.0;
				PRODUCT_BUNDLE_IDENTIFIER = SystemTraveler.QuattrogramTests;
				PRODUCT_NAME = "$(TARGET_NAME)";
				SWIFT_EMIT_LOC_STRINGS = NO;
				SWIFT_VERSION = 5.0;
				TARGETED_DEVICE_FAMILY = "1,2";
				TEST_HOST = "$(BUILT_PRODUCTS_DIR)/Quattrogram.app/$(BUNDLE_EXECUTABLE_FOLDER_PATH)/Quattrogram";
			};
			name = Debug;
		};
		B44D3B942D30553A00A8BF65 /* Release */ = {
			isa = XCBuildConfiguration;
			buildSettings = {
				BUNDLE_LOADER = "$(TEST_HOST)";
				CODE_SIGN_STYLE = Automatic;
				CURRENT_PROJECT_VERSION = 1;
				DEVELOPMENT_TEAM = D4PL59H839;
				GENERATE_INFOPLIST_FILE = YES;
				IPHONEOS_DEPLOYMENT_TARGET = 18.2;
				MARKETING_VERSION = 1.0;
				PRODUCT_BUNDLE_IDENTIFIER = SystemTraveler.QuattrogramTests;
				PRODUCT_NAME = "$(TARGET_NAME)";
				SWIFT_EMIT_LOC_STRINGS = NO;
				SWIFT_VERSION = 5.0;
				TARGETED_DEVICE_FAMILY = "1,2";
				TEST_HOST = "$(BUILT_PRODUCTS_DIR)/Quattrogram.app/$(BUNDLE_EXECUTABLE_FOLDER_PATH)/Quattrogram";
			};
			name = Release;
		};
		B44D3B962D30553A00A8BF65 /* Debug */ = {
			isa = XCBuildConfiguration;
			buildSettings = {
				CODE_SIGN_STYLE = Automatic;
				CURRENT_PROJECT_VERSION = 1;
				DEVELOPMENT_TEAM = D4PL59H839;
				GENERATE_INFOPLIST_FILE = YES;
				MARKETING_VERSION = 1.0;
				PRODUCT_BUNDLE_IDENTIFIER = SystemTraveler.QuattrogramUITests;
				PRODUCT_NAME = "$(TARGET_NAME)";
				SWIFT_EMIT_LOC_STRINGS = NO;
				SWIFT_VERSION = 5.0;
				TARGETED_DEVICE_FAMILY = "1,2";
				TEST_TARGET_NAME = Quattrogram;
			};
			name = Debug;
		};
		B44D3B972D30553A00A8BF65 /* Release */ = {
			isa = XCBuildConfiguration;
			buildSettings = {
				CODE_SIGN_STYLE = Automatic;
				CURRENT_PROJECT_VERSION = 1;
				DEVELOPMENT_TEAM = D4PL59H839;
				GENERATE_INFOPLIST_FILE = YES;
				MARKETING_VERSION = 1.0;
				PRODUCT_BUNDLE_IDENTIFIER = SystemTraveler.QuattrogramUITests;
				PRODUCT_NAME = "$(TARGET_NAME)";
				SWIFT_EMIT_LOC_STRINGS = NO;
				SWIFT_VERSION = 5.0;
				TARGETED_DEVICE_FAMILY = "1,2";
				TEST_TARGET_NAME = Quattrogram;
			};
			name = Release;
		};
/* End XCBuildConfiguration section */

/* Begin XCConfigurationList section */
		B44D3B662D30553800A8BF65 /* Build configuration list for PBXProject "Quattrogram" */ = {
			isa = XCConfigurationList;
			buildConfigurations = (
				B44D3B8D2D30553A00A8BF65 /* Debug */,
				B44D3B8E2D30553A00A8BF65 /* Release */,
			);
			defaultConfigurationIsVisible = 0;
			defaultConfigurationName = Release;
		};
		B44D3B8F2D30553A00A8BF65 /* Build configuration list for PBXNativeTarget "Quattrogram" */ = {
			isa = XCConfigurationList;
			buildConfigurations = (
				B44D3B902D30553A00A8BF65 /* Debug */,
				B44D3B912D30553A00A8BF65 /* Release */,
			);
			defaultConfigurationIsVisible = 0;
			defaultConfigurationName = Release;
		};
		B44D3B922D30553A00A8BF65 /* Build configuration list for PBXNativeTarget "QuattrogramTests" */ = {
			isa = XCConfigurationList;
			buildConfigurations = (
				B44D3B932D30553A00A8BF65 /* Debug */,
				B44D3B942D30553A00A8BF65 /* Release */,
			);
			defaultConfigurationIsVisible = 0;
			defaultConfigurationName = Release;
		};
		B44D3B952D30553A00A8BF65 /* Build configuration list for PBXNativeTarget "QuattrogramUITests" */ = {
			isa = XCConfigurationList;
			buildConfigurations = (
				B44D3B962D30553A00A8BF65 /* Debug */,
				B44D3B972D30553A00A8BF65 /* Release */,
			);
			defaultConfigurationIsVisible = 0;
			defaultConfigurationName = Release;
		};
/* End XCConfigurationList section */
	};
	rootObject = B44D3B632D30553800A8BF65 /* Project object */;
}
